// !$*UTF8*$!
{
	archiveVersion = 1;
	classes = {
	};
	objectVersion = 46;
	objects = {

/* Begin PBXBuildFile section */
		0D6805DB215BE26D002DB302 /* AppDelegate.swift in Sources */ = {isa = PBXBuildFile; fileRef = 0D6805DA215BE26D002DB302 /* AppDelegate.swift */; };
		0D6805DD215BE26D002DB302 /* ViewController.swift in Sources */ = {isa = PBXBuildFile; fileRef = 0D6805DC215BE26D002DB302 /* ViewController.swift */; };
		0D6805E0215BE26D002DB302 /* Main.storyboard in Resources */ = {isa = PBXBuildFile; fileRef = 0D6805DE215BE26D002DB302 /* Main.storyboard */; };
		0D6805E2215BE26D002DB302 /* Assets.xcassets in Resources */ = {isa = PBXBuildFile; fileRef = 0D6805E1215BE26D002DB302 /* Assets.xcassets */; };
		0D6805E5215BE26D002DB302 /* LaunchScreen.storyboard in Resources */ = {isa = PBXBuildFile; fileRef = 0D6805E3215BE26D002DB302 /* LaunchScreen.storyboard */; };
		0D6805F0215BE26D002DB302 /* secondAppTests.swift in Sources */ = {isa = PBXBuildFile; fileRef = 0D6805EF215BE26D002DB302 /* secondAppTests.swift */; };
		2979C409217E14BA009C8D2A /* EvaluacionControl.swift in Sources */ = {isa = PBXBuildFile; fileRef = 2979C408217E14BA009C8D2A /* EvaluacionControl.swift */; };
/* End PBXBuildFile section */

/* Begin PBXContainerItemProxy section */
		0D6805EC215BE26D002DB302 /* PBXContainerItemProxy */ = {
			isa = PBXContainerItemProxy;
			containerPortal = 0D6805CF215BE26D002DB302 /* Project object */;
			proxyType = 1;
			remoteGlobalIDString = 0D6805D6215BE26D002DB302;
			remoteInfo = secondApp;
		};
/* End PBXContainerItemProxy section */

/* Begin PBXFileReference section */
		0D6805D7215BE26D002DB302 /* secondApp.app */ = {isa = PBXFileReference; explicitFileType = wrapper.application; includeInIndex = 0; path = secondApp.app; sourceTree = BUILT_PRODUCTS_DIR; };
		0D6805DA215BE26D002DB302 /* AppDelegate.swift */ = {isa = PBXFileReference; lastKnownFileType = sourcecode.swift; path = AppDelegate.swift; sourceTree = "<group>"; };
		0D6805DC215BE26D002DB302 /* ViewController.swift */ = {isa = PBXFileReference; lastKnownFileType = sourcecode.swift; path = ViewController.swift; sourceTree = "<group>"; };
		0D6805DF215BE26D002DB302 /* Base */ = {isa = PBXFileReference; lastKnownFileType = file.storyboard; name = Base; path = Base.lproj/Main.storyboard; sourceTree = "<group>"; };
		0D6805E1215BE26D002DB302 /* Assets.xcassets */ = {isa = PBXFileReference; lastKnownFileType = folder.assetcatalog; path = Assets.xcassets; sourceTree = "<group>"; };
		0D6805E4215BE26D002DB302 /* Base */ = {isa = PBXFileReference; lastKnownFileType = file.storyboard; name = Base; path = Base.lproj/LaunchScreen.storyboard; sourceTree = "<group>"; };
		0D6805E6215BE26D002DB302 /* Info.plist */ = {isa = PBXFileReference; lastKnownFileType = text.plist.xml; path = Info.plist; sourceTree = "<group>"; };
		0D6805EB215BE26D002DB302 /* secondAppTests.xctest */ = {isa = PBXFileReference; explicitFileType = wrapper.cfbundle; includeInIndex = 0; path = secondAppTests.xctest; sourceTree = BUILT_PRODUCTS_DIR; };
		0D6805EF215BE26D002DB302 /* secondAppTests.swift */ = {isa = PBXFileReference; lastKnownFileType = sourcecode.swift; path = secondAppTests.swift; sourceTree = "<group>"; };
		0D6805F1215BE26D002DB302 /* Info.plist */ = {isa = PBXFileReference; lastKnownFileType = text.plist.xml; path = Info.plist; sourceTree = "<group>"; };
		2979C408217E14BA009C8D2A /* EvaluacionControl.swift */ = {isa = PBXFileReference; fileEncoding = 4; lastKnownFileType = sourcecode.swift; path = EvaluacionControl.swift; sourceTree = "<group>"; };
/* End PBXFileReference section */

/* Begin PBXFrameworksBuildPhase section */
		0D6805D4215BE26D002DB302 /* Frameworks */ = {
			isa = PBXFrameworksBuildPhase;
			buildActionMask = 2147483647;
			files = (
			);
			runOnlyForDeploymentPostprocessing = 0;
		};
		0D6805E8215BE26D002DB302 /* Frameworks */ = {
			isa = PBXFrameworksBuildPhase;
			buildActionMask = 2147483647;
			files = (
			);
			runOnlyForDeploymentPostprocessing = 0;
		};
/* End PBXFrameworksBuildPhase section */

/* Begin PBXGroup section */
		0D6805CE215BE26D002DB302 = {
			isa = PBXGroup;
			children = (
				0D6805D9215BE26D002DB302 /* secondApp */,
				0D6805EE215BE26D002DB302 /* secondAppTests */,
				0D6805D8215BE26D002DB302 /* Products */,
			);
			sourceTree = "<group>";
		};
		0D6805D8215BE26D002DB302 /* Products */ = {
			isa = PBXGroup;
			children = (
				0D6805D7215BE26D002DB302 /* secondApp.app */,
				0D6805EB215BE26D002DB302 /* secondAppTests.xctest */,
			);
			name = Products;
			sourceTree = "<group>";
		};
		0D6805D9215BE26D002DB302 /* secondApp */ = {
			isa = PBXGroup;
			children = (
				0D6805DA215BE26D002DB302 /* AppDelegate.swift */,
				0D6805DC215BE26D002DB302 /* ViewController.swift */,
				0D6805DE215BE26D002DB302 /* Main.storyboard */,
				2979C408217E14BA009C8D2A /* EvaluacionControl.swift */,
				0D6805E1215BE26D002DB302 /* Assets.xcassets */,
				0D6805E3215BE26D002DB302 /* LaunchScreen.storyboard */,
				0D6805E6215BE26D002DB302 /* Info.plist */,
			);
			path = secondApp;
			sourceTree = "<group>";
		};
		0D6805EE215BE26D002DB302 /* secondAppTests */ = {
			isa = PBXGroup;
			children = (
				0D6805EF215BE26D002DB302 /* secondAppTests.swift */,
				0D6805F1215BE26D002DB302 /* Info.plist */,
			);
			path = secondAppTests;
			sourceTree = "<group>";
		};
/* End PBXGroup section */

/* Begin PBXNativeTarget section */
		0D6805D6215BE26D002DB302 /* secondApp */ = {
			isa = PBXNativeTarget;
			buildConfigurationList = 0D6805F4215BE26D002DB302 /* Build configuration list for PBXNativeTarget "secondApp" */;
			buildPhases = (
				0D6805D3215BE26D002DB302 /* Sources */,
				0D6805D4215BE26D002DB302 /* Frameworks */,
				0D6805D5215BE26D002DB302 /* Resources */,
			);
			buildRules = (
			);
			dependencies = (
			);
			name = secondApp;
			productName = secondApp;
			productReference = 0D6805D7215BE26D002DB302 /* secondApp.app */;
			productType = "com.apple.product-type.application";
		};
		0D6805EA215BE26D002DB302 /* secondAppTests */ = {
			isa = PBXNativeTarget;
			buildConfigurationList = 0D6805F7215BE26D002DB302 /* Build configuration list for PBXNativeTarget "secondAppTests" */;
			buildPhases = (
				0D6805E7215BE26D002DB302 /* Sources */,
				0D6805E8215BE26D002DB302 /* Frameworks */,
				0D6805E9215BE26D002DB302 /* Resources */,
			);
			buildRules = (
			);
			dependencies = (
				0D6805ED215BE26D002DB302 /* PBXTargetDependency */,
			);
			name = secondAppTests;
			productName = secondAppTests;
			productReference = 0D6805EB215BE26D002DB302 /* secondAppTests.xctest */;
			productType = "com.apple.product-type.bundle.unit-test";
		};
/* End PBXNativeTarget section */

/* Begin PBXProject section */
		0D6805CF215BE26D002DB302 /* Project object */ = {
			isa = PBXProject;
			attributes = {
				LastSwiftUpdateCheck = 0730;
				LastUpgradeCheck = 0730;
				ORGANIZATIONNAME = "Razvan andrei lismanu";
				TargetAttributes = {
					0D6805D6215BE26D002DB302 = {
						CreatedOnToolsVersion = 7.3.1;
					};
					0D6805EA215BE26D002DB302 = {
						CreatedOnToolsVersion = 7.3.1;
						TestTargetID = 0D6805D6215BE26D002DB302;
					};
				};
			};
			buildConfigurationList = 0D6805D2215BE26D002DB302 /* Build configuration list for PBXProject "secondApp" */;
			compatibilityVersion = "Xcode 3.2";
			developmentRegion = English;
			hasScannedForEncodings = 0;
			knownRegions = (
				en,
				Base,
			);
			mainGroup = 0D6805CE215BE26D002DB302;
			productRefGroup = 0D6805D8215BE26D002DB302 /* Products */;
			projectDirPath = "";
			projectRoot = "";
			targets = (
				0D6805D6215BE26D002DB302 /* secondApp */,
				0D6805EA215BE26D002DB302 /* secondAppTests */,
			);
		};
/* End PBXProject section */

/* Begin PBXResourcesBuildPhase section */
		0D6805D5215BE26D002DB302 /* Resources */ = {
			isa = PBXResourcesBuildPhase;
			buildActionMask = 2147483647;
			files = (
				0D6805E5215BE26D002DB302 /* LaunchScreen.storyboard in Resources */,
				0D6805E2215BE26D002DB302 /* Assets.xcassets in Resources */,
				0D6805E0215BE26D002DB302 /* Main.storyboard in Resources */,
			);
			runOnlyForDeploymentPostprocessing = 0;
		};
		0D6805E9215BE26D002DB302 /* Resources */ = {
			isa = PBXResourcesBuildPhase;
			buildActionMask = 2147483647;
			files = (
			);
			runOnlyForDeploymentPostprocessing = 0;
		};
/* End PBXResourcesBuildPhase section */

/* Begin PBXSourcesBuildPhase section */
		0D6805D3215BE26D002DB302 /* Sources */ = {
			isa = PBXSourcesBuildPhase;
			buildActionMask = 2147483647;
			files = (
				2979C409217E14BA009C8D2A /* EvaluacionControl.swift in Sources */,
				0D6805DD215BE26D002DB302 /* ViewController.swift in Sources */,
				0D6805DB215BE26D002DB302 /* AppDelegate.swift in Sources */,
			);
			runOnlyForDeploymentPostprocessing = 0;
		};
		0D6805E7215BE26D002DB302 /* Sources */ = {
			isa = PBXSourcesBuildPhase;
			buildActionMask = 2147483647;
			files = (
				0D6805F0215BE26D002DB302 /* secondAppTests.swift in Sources */,
			);
			runOnlyForDeploymentPostprocessing = 0;
		};
/* End PBXSourcesBuildPhase section */

/* Begin PBXTargetDependency section */
		0D6805ED215BE26D002DB302 /* PBXTargetDependency */ = {
			isa = PBXTargetDependency;
			target = 0D6805D6215BE26D002DB302 /* secondApp */;
			targetProxy = 0D6805EC215BE26D002DB302 /* PBXContainerItemProxy */;
		};
/* End PBXTargetDependency section */

/* Begin PBXVariantGroup section */
		0D6805DE215BE26D002DB302 /* Main.storyboard */ = {
			isa = PBXVariantGroup;
			children = (
				0D6805DF215BE26D002DB302 /* Base */,
			);
			name = Main.storyboard;
			sourceTree = "<group>";
		};
		0D6805E3215BE26D002DB302 /* LaunchScreen.storyboard */ = {
			isa = PBXVariantGroup;
			children = (
				0D6805E4215BE26D002DB302 /* Base */,
			);
			name = LaunchScreen.storyboard;
			sourceTree = "<group>";
		};
/* End PBXVariantGroup section */

/* Begin XCBuildConfiguration section */
		0D6805F2215BE26D002DB302 /* Debug */ = {
			isa = XCBuildConfiguration;
			buildSettings = {
				ALWAYS_SEARCH_USER_PATHS = NO;
				CLANG_ANALYZER_NONNULL = YES;
				CLANG_CXX_LANGUAGE_STANDARD = "gnu++0x";
				CLANG_CXX_LIBRARY = "libc++";
				CLANG_ENABLE_MODULES = YES;
				CLANG_ENABLE_OBJC_ARC = YES;
				CLANG_WARN_BOOL_CONVERSION = YES;
				CLANG_WARN_CONSTANT_CONVERSION = YES;
				CLANG_WARN_DIRECT_OBJC_ISA_USAGE = YES_ERROR;
				CLANG_WARN_EMPTY_BODY = YES;
				CLANG_WARN_ENUM_CONVERSION = YES;
				CLANG_WARN_INT_CONVERSION = YES;
				CLANG_WARN_OBJC_ROOT_CLASS = YES_ERROR;
				CLANG_WARN_UNREACHABLE_CODE = YES;
				CLANG_WARN__DUPLICATE_METHOD_MATCH = YES;
				"CODE_SIGN_IDENTITY[sdk=iphoneos*]" = "iPhone Developer";
				COPY_PHASE_STRIP = NO;
				DEBUG_INFORMATION_FORMAT = dwarf;
				ENABLE_STRICT_OBJC_MSGSEND = YES;
				ENABLE_TESTABILITY = YES;
				GCC_C_LANGUAGE_STANDARD = gnu99;
				GCC_DYNAMIC_NO_PIC = NO;
				GCC_NO_COMMON_BLOCKS = YES;
				GCC_OPTIMIZATION_LEVEL = 0;
				GCC_PREPROCESSOR_DEFINITIONS = (
					"DEBUG=1",
					"$(inherited)",
				);
				GCC_WARN_64_TO_32_BIT_CONVERSION = YES;
				GCC_WARN_ABOUT_RETURN_TYPE = YES_ERROR;
				GCC_WARN_UNDECLARED_SELECTOR = YES;
				GCC_WARN_UNINITIALIZED_AUTOS = YES_AGGRESSIVE;
				GCC_WARN_UNUSED_FUNCTION = YES;
				GCC_WARN_UNUSED_VARIABLE = YES;
				IPHONEOS_DEPLOYMENT_TARGET = 9.3;
				MTL_ENABLE_DEBUG_INFO = YES;
				ONLY_ACTIVE_ARCH = YES;
				SDKROOT = iphoneos;
				SWIFT_OPTIMIZATION_LEVEL = "-Onone";
			};
			name = Debug;
		};
		0D6805F3215BE26D002DB302 /* Release */ = {
			isa = XCBuildConfiguration;
			buildSettings = {
				ALWAYS_SEARCH_USER_PATHS = NO;
				CLANG_ANALYZER_NONNULL = YES;
				CLANG_CXX_LANGUAGE_STANDARD = "gnu++0x";
				CLANG_CXX_LIBRARY = "libc++";
				CLANG_ENABLE_MODULES = YES;
				CLANG_ENABLE_OBJC_ARC = YES;
				CLANG_WARN_BOOL_CONVERSION = YES;
				CLANG_WARN_CONSTANT_CONVERSION = YES;
				CLANG_WARN_DIRECT_OBJC_ISA_USAGE = YES_ERROR;
				CLANG_WARN_EMPTY_BODY = YES;
				CLANG_WARN_ENUM_CONVERSION = YES;
				CLANG_WARN_INT_CONVERSION = YES;
				CLANG_WARN_OBJC_ROOT_CLASS = YES_ERROR;
				CLANG_WARN_UNREACHABLE_CODE = YES;
				CLANG_WARN__DUPLICATE_METHOD_MATCH = YES;
				"CODE_SIGN_IDENTITY[sdk=iphoneos*]" = "iPhone Developer";
				COPY_PHASE_STRIP = NO;
				DEBUG_INFORMATION_FORMAT = "dwarf-with-dsym";
				ENABLE_NS_ASSERTIONS = NO;
				ENABLE_STRICT_OBJC_MSGSEND = YES;
				GCC_C_LANGUAGE_STANDARD = gnu99;
				GCC_NO_COMMON_BLOCKS = YES;
				GCC_WARN_64_TO_32_BIT_CONVERSION = YES;
				GCC_WARN_ABOUT_RETURN_TYPE = YES_ERROR;
				GCC_WARN_UNDECLARED_SELECTOR = YES;
				GCC_WARN_UNINITIALIZED_AUTOS = YES_AGGRESSIVE;
				GCC_WARN_UNUSED_FUNCTION = YES;
				GCC_WARN_UNUSED_VARIABLE = YES;
				IPHONEOS_DEPLOYMENT_TARGET = 9.3;
				MTL_ENABLE_DEBUG_INFO = NO;
				SDKROOT = iphoneos;
				VALIDATE_PRODUCT = YES;
			};
			name = Release;
		};
		0D6805F5215BE26D002DB302 /* Debug */ = {
			isa = XCBuildConfiguration;
			buildSettings = {
				ASSETCATALOG_COMPILER_APPICON_NAME = AppIcon;
				INFOPLIST_FILE = secondApp/Info.plist;
				LD_RUNPATH_SEARCH_PATHS = "$(inherited) @executable_path/Frameworks";
				PRODUCT_BUNDLE_IDENTIFIER = ual.es.secondApp;
				PRODUCT_NAME = "$(TARGET_NAME)";
			};
			name = Debug;
		};
		0D6805F6215BE26D002DB302 /* Release */ = {
			isa = XCBuildConfiguration;
			buildSettings = {
				ASSETCATALOG_COMPILER_APPICON_NAME = AppIcon;
				INFOPLIST_FILE = secondApp/Info.plist;
				LD_RUNPATH_SEARCH_PATHS = "$(inherited) @executable_path/Frameworks";
				PRODUCT_BUNDLE_IDENTIFIER = ual.es.secondApp;
				PRODUCT_NAME = "$(TARGET_NAME)";
			};
			name = Release;
		};
		0D6805F8215BE26D002DB302 /* Debug */ = {
			isa = XCBuildConfiguration;
			buildSettings = {
				BUNDLE_LOADER = "$(TEST_HOST)";
				INFOPLIST_FILE = secondAppTests/Info.plist;
				LD_RUNPATH_SEARCH_PATHS = "$(inherited) @executable_path/Frameworks @loader_path/Frameworks";
				PRODUCT_BUNDLE_IDENTIFIER = ual.es.secondAppTests;
				PRODUCT_NAME = "$(TARGET_NAME)";
				TEST_HOST = "$(BUILT_PRODUCTS_DIR)/secondApp.app/secondApp";
			};
			name = Debug;
		};
		0D6805F9215BE26D002DB302 /* Release */ = {
			isa = XCBuildConfiguration;
			buildSettings = {
				BUNDLE_LOADER = "$(TEST_HOST)";
				INFOPLIST_FILE = secondAppTests/Info.plist;
				LD_RUNPATH_SEARCH_PATHS = "$(inherited) @executable_path/Frameworks @loader_path/Frameworks";
				PRODUCT_BUNDLE_IDENTIFIER = ual.es.secondAppTests;
				PRODUCT_NAME = "$(TARGET_NAME)";
				TEST_HOST = "$(BUILT_PRODUCTS_DIR)/secondApp.app/secondApp";
			};
			name = Release;
		};
/* End XCBuildConfiguration section */

/* Begin XCConfigurationList section */
		0D6805D2215BE26D002DB302 /* Build configuration list for PBXProject "secondApp" */ = {
			isa = XCConfigurationList;
			buildConfigurations = (
				0D6805F2215BE26D002DB302 /* Debug */,
				0D6805F3215BE26D002DB302 /* Release */,
			);
			defaultConfigurationIsVisible = 0;
			defaultConfigurationName = Release;
		};
		0D6805F4215BE26D002DB302 /* Build configuration list for PBXNativeTarget "secondApp" */ = {
			isa = XCConfigurationList;
			buildConfigurations = (
				0D6805F5215BE26D002DB302 /* Debug */,
				0D6805F6215BE26D002DB302 /* Release */,
			);
			defaultConfigurationIsVisible = 0;
			defaultConfigurationName = Release;
		};
		0D6805F7215BE26D002DB302 /* Build configuration list for PBXNativeTarget "secondAppTests" */ = {
			isa = XCConfigurationList;
			buildConfigurations = (
				0D6805F8215BE26D002DB302 /* Debug */,
				0D6805F9215BE26D002DB302 /* Release */,
			);
			defaultConfigurationIsVisible = 0;
			defaultConfigurationName = Release;
		};
/* End XCConfigurationList section */
	};
	rootObject = 0D6805CF215BE26D002DB302 /* Project object */;
}
